
Microsoft Visual Studio Solution File, Format Version 12.00
# Visual Studio Version 17
VisualStudioVersion = 17.6.33706.43
MinimumVisualStudioVersion = 10.0.40219.1
Project("{9A19103F-16F7-4668-BE54-9A1E7A4F7556}") = "SunDoeCoffeeShop.FrontEnd.App", "src\FrontEnd\App\SunDoeCoffeeShop.FrontEnd.App.csproj", "{0BA7E16B-ADAC-4ADB-BBDE-771D29D9532B}"
EndProject
Project("{2150E333-8FDC-42A3-9474-1A3956D46DE8}") = "FrontEnd", "FrontEnd", "{25A0C406-5012-4F85-9F14-191D3E8FEDFF}"
EndProject
Project("{2150E333-8FDC-42A3-9474-1A3956D46DE8}") = "Admin", "Admin", "{4ED91D08-F555-4C93-99BC-CC9064E4B4B6}"
EndProject
Project("{2150E333-8FDC-42A3-9474-1A3956D46DE8}") = "SharedFolder", "SharedFolder", "{BD794E2E-D9C0-495D-BAA7-1F8068AC46E2}"
EndProject
Project("{9A19103F-16F7-4668-BE54-9A1E7A4F7556}") = "SunDoeCoffeeShop.Shared.Roles", "src\Shared\Roles\SunDoeCoffeeShop.Shared.Roles.csproj", "{2EC47355-335B-46A5-900A-9F0560C684CD}"
EndProject
Project("{FAE04EC0-301F-11D3-BF4B-00C04F79EFBC}") = "SunDoeCoffeeShop.Admin.FrontEnd.App", "src\Admin\FrontEnd\App\SunDoeCoffeeShop.Admin.FrontEnd.App.csproj", "{EB01D9F4-F39D-485D-AFF0-839B3D792D29}"
EndProject
Project("{2150E333-8FDC-42A3-9474-1A3956D46DE8}") = "FrontEnd", "FrontEnd", "{3381DAE8-B860-490E-AEBB-90F52E2946A8}"
EndProject
Project("{FAE04EC0-301F-11D3-BF4B-00C04F79EFBC}") = "SunDoeCoffeeShop.Shared.AuthPersistence", "src\Shared\AuthPersistence\SunDoeCoffeeShop.Shared.AuthPersistence.csproj", "{CCEDC325-B13A-4D52-98D7-C96193BE66BA}"
EndProject
Project("{E53339B2-1760-4266-BCC7-CA923CBCF16C}") = "docker-compose", "docker-compose.dcproj", "{9F6E6DC9-8175-44C3-989B-18A0708849A8}"
EndProject
Global
	GlobalSection(SolutionConfigurationPlatforms) = preSolution
		Debug|Any CPU = Debug|Any CPU
		Release|Any CPU = Release|Any CPU
	EndGlobalSection
	GlobalSection(ProjectConfigurationPlatforms) = postSolution
		{0BA7E16B-ADAC-4ADB-BBDE-771D29D9532B}.Debug|Any CPU.ActiveCfg = Debug|Any CPU
		{0BA7E16B-ADAC-4ADB-BBDE-771D29D9532B}.Debug|Any CPU.Build.0 = Debug|Any CPU
		{0BA7E16B-ADAC-4ADB-BBDE-771D29D9532B}.Release|Any CPU.ActiveCfg = Release|Any CPU
		{0BA7E16B-ADAC-4ADB-BBDE-771D29D9532B}.Release|Any CPU.Build.0 = Release|Any CPU
		{2EC47355-335B-46A5-900A-9F0560C684CD}.Debug|Any CPU.ActiveCfg = Debug|Any CPU
		{2EC47355-335B-46A5-900A-9F0560C684CD}.Debug|Any CPU.Build.0 = Debug|Any CPU
		{2EC47355-335B-46A5-900A-9F0560C684CD}.Release|Any CPU.ActiveCfg = Release|Any CPU
		{2EC47355-335B-46A5-900A-9F0560C684CD}.Release|Any CPU.Build.0 = Release|Any CPU
		{EB01D9F4-F39D-485D-AFF0-839B3D792D29}.Debug|Any CPU.ActiveCfg = Debug|Any CPU
		{EB01D9F4-F39D-485D-AFF0-839B3D792D29}.Debug|Any CPU.Build.0 = Debug|Any CPU
		{EB01D9F4-F39D-485D-AFF0-839B3D792D29}.Release|Any CPU.ActiveCfg = Release|Any CPU
		{EB01D9F4-F39D-485D-AFF0-839B3D792D29}.Release|Any CPU.Build.0 = Release|Any CPU
		{CCEDC325-B13A-4D52-98D7-C96193BE66BA}.Debug|Any CPU.ActiveCfg = Debug|Any CPU
		{CCEDC325-B13A-4D52-98D7-C96193BE66BA}.Debug|Any CPU.Build.0 = Debug|Any CPU
		{CCEDC325-B13A-4D52-98D7-C96193BE66BA}.Release|Any CPU.ActiveCfg = Release|Any CPU
		{CCEDC325-B13A-4D52-98D7-C96193BE66BA}.Release|Any CPU.Build.0 = Release|Any CPU
		{9F6E6DC9-8175-44C3-989B-18A0708849A8}.Debug|Any CPU.ActiveCfg = Debug|Any CPU
		{9F6E6DC9-8175-44C3-989B-18A0708849A8}.Debug|Any CPU.Build.0 = Debug|Any CPU
		{9F6E6DC9-8175-44C3-989B-18A0708849A8}.Release|Any CPU.ActiveCfg = Release|Any CPU
		{9F6E6DC9-8175-44C3-989B-18A0708849A8}.Release|Any CPU.Build.0 = Release|Any CPU
	EndGlobalSection
	GlobalSection(SolutionProperties) = preSolution
		HideSolutionNode = FALSE
	EndGlobalSection
	GlobalSection(NestedProjects) = preSolution
		{0BA7E16B-ADAC-4ADB-BBDE-771D29D9532B} = {25A0C406-5012-4F85-9F14-191D3E8FEDFF}
		{2EC47355-335B-46A5-900A-9F0560C684CD} = {BD794E2E-D9C0-495D-BAA7-1F8068AC46E2}
		{EB01D9F4-F39D-485D-AFF0-839B3D792D29} = {3381DAE8-B860-490E-AEBB-90F52E2946A8}
		{3381DAE8-B860-490E-AEBB-90F52E2946A8} = {4ED91D08-F555-4C93-99BC-CC9064E4B4B6}
		{CCEDC325-B13A-4D52-98D7-C96193BE66BA} = {BD794E2E-D9C0-495D-BAA7-1F8068AC46E2}
	EndGlobalSection
	GlobalSection(ExtensibilityGlobals) = postSolution
		SolutionGuid = {F38A6ADF-4024-4104-BDDA-9B1D4B4A4FBE}
	EndGlobalSection
EndGlobal
