
Microsoft Visual Studio Solution File, Format Version 12.00
# Visual Studio Version 17
VisualStudioVersion = 17.8.34511.84
MinimumVisualStudioVersion = 10.0.40219.1
Project("{9A19103F-16F7-4668-BE54-9A1E7A4F7556}") = "CarInventory.Api", "src\Api\CarInventory.Api.csproj", "{E60753A1-988B-4DA6-89BB-48A613EB4125}"
EndProject
Project("{9A19103F-16F7-4668-BE54-9A1E7A4F7556}") = "CarInventory.Domain", "src\Domain\CarInventory.Domain.csproj", "{94C300E3-3F8C-4D35-83AF-0EE713C23A6C}"
EndProject
Project("{9A19103F-16F7-4668-BE54-9A1E7A4F7556}") = "CarInventory.Infrastructure", "src\Infrastructure\CarInventory.Infrastructure.csproj", "{E24969C2-6E68-42FD-BF9C-89003806B68B}"
EndProject
Project("{9A19103F-16F7-4668-BE54-9A1E7A4F7556}") = "CarInventory.Application", "src\Application\CarInventory.Application.csproj", "{3B1073E1-1EE6-4F88-ADD9-33A4F4507079}"
EndProject
Project("{2150E333-8FDC-42A3-9474-1A3956D46DE8}") = "Solution Items", "Solution Items", "{815EBCB9-963B-43E4-9DB6-F4D4417FA3B7}"
	ProjectSection(SolutionItems) = preProject
		.editorconfig = .editorconfig
	EndProjectSection
EndProject
Project("{9A19103F-16F7-4668-BE54-9A1E7A4F7556}") = "CarInventory.Client.App", "src\Client.App\CarInventory.Client.App.csproj", "{73471A5E-08D4-49F2-A9FE-E51ABCD6ADB0}"
EndProject
Project("{2150E333-8FDC-42A3-9474-1A3956D46DE8}") = "CarInventory", "CarInventory", "{2258A48D-7C2A-4C40-9B49-6EFF0E37D1B5}"
EndProject
Project("{9A19103F-16F7-4668-BE54-9A1E7A4F7556}") = "CarInventory.Application.Test", "test\Application.Test\CarInventory.Application.Test.csproj", "{74176AC7-FFB9-4DCB-B30E-7ED849747E45}"
EndProject
Project("{9A19103F-16F7-4668-BE54-9A1E7A4F7556}") = "CarInventory.Shared", "src\Shared\CarInventory.Shared.csproj", "{A2007A84-20C8-40FC-A128-0AF96197638A}"
EndProject
Global
	GlobalSection(SolutionConfigurationPlatforms) = preSolution
		Debug|Any CPU = Debug|Any CPU
		Release|Any CPU = Release|Any CPU
	EndGlobalSection
	GlobalSection(ProjectConfigurationPlatforms) = postSolution
		{E60753A1-988B-4DA6-89BB-48A613EB4125}.Debug|Any CPU.ActiveCfg = Debug|Any CPU
		{E60753A1-988B-4DA6-89BB-48A613EB4125}.Debug|Any CPU.Build.0 = Debug|Any CPU
		{E60753A1-988B-4DA6-89BB-48A613EB4125}.Release|Any CPU.ActiveCfg = Release|Any CPU
		{E60753A1-988B-4DA6-89BB-48A613EB4125}.Release|Any CPU.Build.0 = Release|Any CPU
		{94C300E3-3F8C-4D35-83AF-0EE713C23A6C}.Debug|Any CPU.ActiveCfg = Debug|Any CPU
		{94C300E3-3F8C-4D35-83AF-0EE713C23A6C}.Debug|Any CPU.Build.0 = Debug|Any CPU
		{94C300E3-3F8C-4D35-83AF-0EE713C23A6C}.Release|Any CPU.ActiveCfg = Release|Any CPU
		{94C300E3-3F8C-4D35-83AF-0EE713C23A6C}.Release|Any CPU.Build.0 = Release|Any CPU
		{E24969C2-6E68-42FD-BF9C-89003806B68B}.Debug|Any CPU.ActiveCfg = Debug|Any CPU
		{E24969C2-6E68-42FD-BF9C-89003806B68B}.Debug|Any CPU.Build.0 = Debug|Any CPU
		{E24969C2-6E68-42FD-BF9C-89003806B68B}.Release|Any CPU.ActiveCfg = Release|Any CPU
		{E24969C2-6E68-42FD-BF9C-89003806B68B}.Release|Any CPU.Build.0 = Release|Any CPU
		{3B1073E1-1EE6-4F88-ADD9-33A4F4507079}.Debug|Any CPU.ActiveCfg = Debug|Any CPU
		{3B1073E1-1EE6-4F88-ADD9-33A4F4507079}.Debug|Any CPU.Build.0 = Debug|Any CPU
		{3B1073E1-1EE6-4F88-ADD9-33A4F4507079}.Release|Any CPU.ActiveCfg = Release|Any CPU
		{3B1073E1-1EE6-4F88-ADD9-33A4F4507079}.Release|Any CPU.Build.0 = Release|Any CPU
		{73471A5E-08D4-49F2-A9FE-E51ABCD6ADB0}.Debug|Any CPU.ActiveCfg = Debug|Any CPU
		{73471A5E-08D4-49F2-A9FE-E51ABCD6ADB0}.Debug|Any CPU.Build.0 = Debug|Any CPU
		{73471A5E-08D4-49F2-A9FE-E51ABCD6ADB0}.Release|Any CPU.ActiveCfg = Release|Any CPU
		{73471A5E-08D4-49F2-A9FE-E51ABCD6ADB0}.Release|Any CPU.Build.0 = Release|Any CPU
		{74176AC7-FFB9-4DCB-B30E-7ED849747E45}.Debug|Any CPU.ActiveCfg = Debug|Any CPU
		{74176AC7-FFB9-4DCB-B30E-7ED849747E45}.Debug|Any CPU.Build.0 = Debug|Any CPU
		{74176AC7-FFB9-4DCB-B30E-7ED849747E45}.Release|Any CPU.ActiveCfg = Release|Any CPU
		{74176AC7-FFB9-4DCB-B30E-7ED849747E45}.Release|Any CPU.Build.0 = Release|Any CPU
		{A2007A84-20C8-40FC-A128-0AF96197638A}.Debug|Any CPU.ActiveCfg = Debug|Any CPU
		{A2007A84-20C8-40FC-A128-0AF96197638A}.Debug|Any CPU.Build.0 = Debug|Any CPU
		{A2007A84-20C8-40FC-A128-0AF96197638A}.Release|Any CPU.ActiveCfg = Release|Any CPU
		{A2007A84-20C8-40FC-A128-0AF96197638A}.Release|Any CPU.Build.0 = Release|Any CPU
	EndGlobalSection
	GlobalSection(SolutionProperties) = preSolution
		HideSolutionNode = FALSE
	EndGlobalSection
	GlobalSection(NestedProjects) = preSolution
		{94C300E3-3F8C-4D35-83AF-0EE713C23A6C} = {2258A48D-7C2A-4C40-9B49-6EFF0E37D1B5}
		{E24969C2-6E68-42FD-BF9C-89003806B68B} = {2258A48D-7C2A-4C40-9B49-6EFF0E37D1B5}
		{3B1073E1-1EE6-4F88-ADD9-33A4F4507079} = {2258A48D-7C2A-4C40-9B49-6EFF0E37D1B5}
		{74176AC7-FFB9-4DCB-B30E-7ED849747E45} = {2258A48D-7C2A-4C40-9B49-6EFF0E37D1B5}
	EndGlobalSection
	GlobalSection(ExtensibilityGlobals) = postSolution
		SolutionGuid = {AE9468A1-4F22-43A1-83BE-9CD6816D4BDB}
	EndGlobalSection
EndGlobal
