
Microsoft Visual Studio Solution File, Format Version 12.00
# Visual Studio Version 17
VisualStudioVersion = 17.0.31903.59
MinimumVisualStudioVersion = 10.0.40219.1
Project("{2150E333-8FDC-42A3-9474-1A3956D46DE8}") = "FrontEnd", "FrontEnd", "{A36D36EE-5EFA-4890-8F18-490C0F95D0A0}"
EndProject
Project("{2150E333-8FDC-42A3-9474-1A3956D46DE8}") = "Gateway", "Gateway", "{73AA0371-6266-4053-BF61-F8053A09FD71}"
EndProject
Project("{2150E333-8FDC-42A3-9474-1A3956D46DE8}") = "Integrations", "Integrations", "{36458C57-593E-41C9-ACD2-62E1C179C067}"
EndProject
Project("{2150E333-8FDC-42A3-9474-1A3956D46DE8}") = "Services", "Services", "{D3911790-0739-4F98-B508-5228F0281946}"
EndProject
Project("{2150E333-8FDC-42A3-9474-1A3956D46DE8}") = "Coupons", "Coupons", "{9AA98A55-C84E-4C5B-8EDB-B0D9B45AC4EF}"
EndProject
Project("{9A19103F-16F7-4668-BE54-9A1E7A4F7556}") = "MicroShop.Services.Coupons.CouponApiApp", "src\Services\Coupons\CouponApiApp\MicroShop.Services.Coupons.CouponApiApp.csproj", "{248CC971-D53A-4A4B-99B6-198466E7EB23}"
EndProject
Project("{2150E333-8FDC-42A3-9474-1A3956D46DE8}") = "Solution Items", "Solution Items", "{DC81005B-1733-466B-B28E-D44F3857C77B}"
	ProjectSection(SolutionItems) = preProject
		.editorconfig = .editorconfig
	EndProjectSection
EndProject
Project("{9A19103F-16F7-4668-BE54-9A1E7A4F7556}") = "MicroShop.Web.MvcApp", "src\FrontEnd\Web.MvcApp\MicroShop.Web.MvcApp.csproj", "{290C73DF-3AEF-45A1-9B37-56288E4C7FCA}"
EndProject
Project("{9A19103F-16F7-4668-BE54-9A1E7A4F7556}") = "MicroShop.Web.MvcApp.Tests", "test\FrontEnd\Web.MvcApp.Tests\MicroShop.Web.MvcApp.Tests.csproj", "{60941975-DCB0-49F1-9989-2305D104BF2F}"
EndProject
Project("{2150E333-8FDC-42A3-9474-1A3956D46DE8}") = "Auth", "Auth", "{97F6B790-DA3B-4C78-81AC-387262A41322}"
EndProject
Project("{9A19103F-16F7-4668-BE54-9A1E7A4F7556}") = "MicroShop.Services.Auth.AuthApiApp", "src\Services\Auth\AuthApiApp\MicroShop.Services.Auth.AuthApiApp.csproj", "{568BD3C0-20C9-44E8-BB47-CCD75A7553E4}"
EndProject
Project("{9A19103F-16F7-4668-BE54-9A1E7A4F7556}") = "MicroShop.Services.Auth.AuthApiApp.Tests", "test\Services\Auth\AuthApiApp.Tests\MicroShop.Services.Auth.AuthApiApp.Tests.csproj", "{7FCE74E0-2023-4DAD-9A40-F72F19A0DF9D}"
EndProject
Project("{9A19103F-16F7-4668-BE54-9A1E7A4F7556}") = "MicroShop.Services.Coupons.CouponsApiApp.Tests", "test\Services\Coupons\CouponsApiApp.Tests\MicroShop.Services.Coupons.CouponsApiApp.Tests.csproj", "{B0D264B0-C653-47F3-9739-8EDE30BA5297}"
EndProject
Project("{2150E333-8FDC-42A3-9474-1A3956D46DE8}") = "Products", "Products", "{F10EF27E-E8A8-4372-9D05-490AFF17F2C3}"
EndProject
Project("{9A19103F-16F7-4668-BE54-9A1E7A4F7556}") = "MicroShop.Services.Products.ProductsApiApp", "src\Services\Products\ProductsApiApp\MicroShop.Services.Products.ProductsApiApp.csproj", "{19B99108-7E3A-48C0-A1F8-039120152AEE}"
EndProject
Project("{9A19103F-16F7-4668-BE54-9A1E7A4F7556}") = "MicroShop.Services.Products.ProductsApiApp.Tests", "test\Services\Products\ProductsApiApp.Tests\MicroShop.Services.Products.ProductsApiApp.Tests.csproj", "{B202FC77-C1ED-49F3-BF9D-30AAD4E71AED}"
EndProject
Project("{2150E333-8FDC-42A3-9474-1A3956D46DE8}") = "ShoppingCart", "ShoppingCart", "{7933FA0A-8B05-44CE-8B8C-CF581260C5BF}"
EndProject
Project("{9A19103F-16F7-4668-BE54-9A1E7A4F7556}") = "MicroShop.Services.ShoppingCart.ApiApp", "src\Services\ShoppingCart\ApiApp\MicroShop.Services.ShoppingCart.ApiApp.csproj", "{59B506F6-5010-411C-8B2D-29F7D0E9ED91}"
EndProject
Project("{9A19103F-16F7-4668-BE54-9A1E7A4F7556}") = "MicroShop.Services.ShoppingCart.ApiApp.Tests", "test\Services\ShoppingCart\ApiApp.Tests\MicroShop.Services.ShoppingCart.ApiApp.Tests.csproj", "{D133B3EE-9401-47F9-9625-E6C7018C2A2C}"
EndProject
Project("{9A19103F-16F7-4668-BE54-9A1E7A4F7556}") = "MicroShop.Integrations.MessageBus.Abstractions", "src\Integrations\MessageBus.Abstractions\MicroShop.Integrations.MessageBus.Abstractions.csproj", "{BDF84132-A0A5-4088-AD0A-C78D7353A429}"
EndProject
Project("{9A19103F-16F7-4668-BE54-9A1E7A4F7556}") = "MicroShop.Integrations.MessageBus.AzureMessageBus", "src\Integrations\MessageBus.AzureMessageBus\MicroShop.Integrations.MessageBus.AzureMessageBus.csproj", "{AA5116D2-0F81-45ED-8361-8C30621C3C6A}"
EndProject
Project("{9A19103F-16F7-4668-BE54-9A1E7A4F7556}") = "MicroShop.Integrations.MessageBus", "src\Integrations\MessageBus\MicroShop.Integrations.MessageBus.csproj", "{C4292E48-D89E-4DAF-9765-4A5DD9996407}"
EndProject
Project("{2150E333-8FDC-42A3-9474-1A3956D46DE8}") = "Email", "Email", "{79157682-EADC-4C8F-AEC2-FDB4580C92A8}"
EndProject
Project("{9A19103F-16F7-4668-BE54-9A1E7A4F7556}") = "MicroShop.Services.Email.ApiApp", "src\Services\Email\ApiApp\MicroShop.Services.Email.ApiApp.csproj", "{6110A503-05A9-44C9-9BE1-882393926FF0}"
EndProject
Project("{9A19103F-16F7-4668-BE54-9A1E7A4F7556}") = "MicroShop.Services.Email.ApiApp.Tests", "test\Services\Email\ApiApp.Tests\MicroShop.Services.Email.ApiApp.Tests.csproj", "{E422F2F5-7C9A-48E6-8CDD-1EF7A1919F6B}"
EndProject
Project("{9A19103F-16F7-4668-BE54-9A1E7A4F7556}") = "MicroShop.Integrations.MessageConsumer.Abstractions", "src\Integrations\MessageConsumer.Abstractions\MicroShop.Integrations.MessageConsumer.Abstractions.csproj", "{344CE295-02C8-4C8D-984F-B04A6DEAE739}"
EndProject
Project("{9A19103F-16F7-4668-BE54-9A1E7A4F7556}") = "MicroShop.Integrations.MessageConsumer.AzureMessageConsumer", "src\Integrations\MessageConsumer.AzureMessageConsumer\MicroShop.Integrations.MessageConsumer.AzureMessageConsumer.csproj", "{3BB6AFF4-5B35-4986-8E14-9B1E7348CB1B}"
EndProject
Project("{9A19103F-16F7-4668-BE54-9A1E7A4F7556}") = "MicroShop.Integrations.MessageConsumer", "src\Integrations\MessageConsumer\MicroShop.Integrations.MessageConsumer.csproj", "{09D07150-D57B-4D22-997D-D0B75CA90A3B}"
EndProject
Project("{2150E333-8FDC-42A3-9474-1A3956D46DE8}") = "MessageBus", "MessageBus", "{887B8A9F-413A-42FD-ACD5-D571F8E1886B}"
EndProject
Project("{2150E333-8FDC-42A3-9474-1A3956D46DE8}") = "MessageConsumer", "MessageConsumer", "{DAEEA0D4-2EE9-4163-8299-82B24F301FCF}"
EndProject
Project("{2150E333-8FDC-42A3-9474-1A3956D46DE8}") = "Orders", "Orders", "{C5BC23B7-255E-461F-99EB-C4181389FA59}"
EndProject
Project("{9A19103F-16F7-4668-BE54-9A1E7A4F7556}") = "MicroShop.Services.Orders.ApiApp", "src\Services\Orders\ApiApp\MicroShop.Services.Orders.ApiApp.csproj", "{C6FA1580-8E65-4EF0-803E-59D89DC71043}"
EndProject
Project("{9A19103F-16F7-4668-BE54-9A1E7A4F7556}") = "MicroShop.Services.Orders.ApiApp.Tests", "test\Services\Orders\ApiApp.Tests\MicroShop.Services.Orders.ApiApp.Tests.csproj", "{4B3570F3-A3F3-4D42-945C-1E5A6A0B76BC}"
EndProject
Project("{2150E333-8FDC-42A3-9474-1A3956D46DE8}") = "Rewards", "Rewards", "{CC45FAAF-7C44-4936-BCE4-21EA7AD7B484}"
EndProject
Project("{FAE04EC0-301F-11D3-BF4B-00C04F79EFBC}") = "MicroShop.Services.Rewards.RestApi.App", "src\Services\Rewards\RestApi.App\MicroShop.Services.Rewards.RestApi.App.csproj", "{83CC2423-3895-4A63-9038-D05C93E4605F}"
EndProject
Project("{FAE04EC0-301F-11D3-BF4B-00C04F79EFBC}") = "MicroShop.Services.Rewards.RestApi.App.Test", "test\Services\Rewards\RestApi.App.Test\MicroShop.Services.Rewards.RestApi.App.Test.csproj", "{001E1B54-0359-4DDD-A8DE-7248D753E86F}"
EndProject
Global
	GlobalSection(SolutionConfigurationPlatforms) = preSolution
		Debug|Any CPU = Debug|Any CPU
		Release|Any CPU = Release|Any CPU
	EndGlobalSection
	GlobalSection(ProjectConfigurationPlatforms) = postSolution
		{248CC971-D53A-4A4B-99B6-198466E7EB23}.Debug|Any CPU.ActiveCfg = Debug|Any CPU
		{248CC971-D53A-4A4B-99B6-198466E7EB23}.Debug|Any CPU.Build.0 = Debug|Any CPU
		{248CC971-D53A-4A4B-99B6-198466E7EB23}.Release|Any CPU.ActiveCfg = Release|Any CPU
		{248CC971-D53A-4A4B-99B6-198466E7EB23}.Release|Any CPU.Build.0 = Release|Any CPU
		{290C73DF-3AEF-45A1-9B37-56288E4C7FCA}.Debug|Any CPU.ActiveCfg = Debug|Any CPU
		{290C73DF-3AEF-45A1-9B37-56288E4C7FCA}.Debug|Any CPU.Build.0 = Debug|Any CPU
		{290C73DF-3AEF-45A1-9B37-56288E4C7FCA}.Release|Any CPU.ActiveCfg = Release|Any CPU
		{290C73DF-3AEF-45A1-9B37-56288E4C7FCA}.Release|Any CPU.Build.0 = Release|Any CPU
		{60941975-DCB0-49F1-9989-2305D104BF2F}.Debug|Any CPU.ActiveCfg = Debug|Any CPU
		{60941975-DCB0-49F1-9989-2305D104BF2F}.Debug|Any CPU.Build.0 = Debug|Any CPU
		{60941975-DCB0-49F1-9989-2305D104BF2F}.Release|Any CPU.ActiveCfg = Release|Any CPU
		{60941975-DCB0-49F1-9989-2305D104BF2F}.Release|Any CPU.Build.0 = Release|Any CPU
		{568BD3C0-20C9-44E8-BB47-CCD75A7553E4}.Debug|Any CPU.ActiveCfg = Debug|Any CPU
		{568BD3C0-20C9-44E8-BB47-CCD75A7553E4}.Debug|Any CPU.Build.0 = Debug|Any CPU
		{568BD3C0-20C9-44E8-BB47-CCD75A7553E4}.Release|Any CPU.ActiveCfg = Release|Any CPU
		{568BD3C0-20C9-44E8-BB47-CCD75A7553E4}.Release|Any CPU.Build.0 = Release|Any CPU
		{7FCE74E0-2023-4DAD-9A40-F72F19A0DF9D}.Debug|Any CPU.ActiveCfg = Debug|Any CPU
		{7FCE74E0-2023-4DAD-9A40-F72F19A0DF9D}.Debug|Any CPU.Build.0 = Debug|Any CPU
		{7FCE74E0-2023-4DAD-9A40-F72F19A0DF9D}.Release|Any CPU.ActiveCfg = Release|Any CPU
		{7FCE74E0-2023-4DAD-9A40-F72F19A0DF9D}.Release|Any CPU.Build.0 = Release|Any CPU
		{B0D264B0-C653-47F3-9739-8EDE30BA5297}.Debug|Any CPU.ActiveCfg = Debug|Any CPU
		{B0D264B0-C653-47F3-9739-8EDE30BA5297}.Debug|Any CPU.Build.0 = Debug|Any CPU
		{B0D264B0-C653-47F3-9739-8EDE30BA5297}.Release|Any CPU.ActiveCfg = Release|Any CPU
		{B0D264B0-C653-47F3-9739-8EDE30BA5297}.Release|Any CPU.Build.0 = Release|Any CPU
		{19B99108-7E3A-48C0-A1F8-039120152AEE}.Debug|Any CPU.ActiveCfg = Debug|Any CPU
		{19B99108-7E3A-48C0-A1F8-039120152AEE}.Debug|Any CPU.Build.0 = Debug|Any CPU
		{19B99108-7E3A-48C0-A1F8-039120152AEE}.Release|Any CPU.ActiveCfg = Release|Any CPU
		{19B99108-7E3A-48C0-A1F8-039120152AEE}.Release|Any CPU.Build.0 = Release|Any CPU
		{B202FC77-C1ED-49F3-BF9D-30AAD4E71AED}.Debug|Any CPU.ActiveCfg = Debug|Any CPU
		{B202FC77-C1ED-49F3-BF9D-30AAD4E71AED}.Debug|Any CPU.Build.0 = Debug|Any CPU
		{B202FC77-C1ED-49F3-BF9D-30AAD4E71AED}.Release|Any CPU.ActiveCfg = Release|Any CPU
		{B202FC77-C1ED-49F3-BF9D-30AAD4E71AED}.Release|Any CPU.Build.0 = Release|Any CPU
		{59B506F6-5010-411C-8B2D-29F7D0E9ED91}.Debug|Any CPU.ActiveCfg = Debug|Any CPU
		{59B506F6-5010-411C-8B2D-29F7D0E9ED91}.Debug|Any CPU.Build.0 = Debug|Any CPU
		{59B506F6-5010-411C-8B2D-29F7D0E9ED91}.Release|Any CPU.ActiveCfg = Release|Any CPU
		{59B506F6-5010-411C-8B2D-29F7D0E9ED91}.Release|Any CPU.Build.0 = Release|Any CPU
		{D133B3EE-9401-47F9-9625-E6C7018C2A2C}.Debug|Any CPU.ActiveCfg = Debug|Any CPU
		{D133B3EE-9401-47F9-9625-E6C7018C2A2C}.Debug|Any CPU.Build.0 = Debug|Any CPU
		{D133B3EE-9401-47F9-9625-E6C7018C2A2C}.Release|Any CPU.ActiveCfg = Release|Any CPU
		{D133B3EE-9401-47F9-9625-E6C7018C2A2C}.Release|Any CPU.Build.0 = Release|Any CPU
		{BDF84132-A0A5-4088-AD0A-C78D7353A429}.Debug|Any CPU.ActiveCfg = Debug|Any CPU
		{BDF84132-A0A5-4088-AD0A-C78D7353A429}.Debug|Any CPU.Build.0 = Debug|Any CPU
		{BDF84132-A0A5-4088-AD0A-C78D7353A429}.Release|Any CPU.ActiveCfg = Release|Any CPU
		{BDF84132-A0A5-4088-AD0A-C78D7353A429}.Release|Any CPU.Build.0 = Release|Any CPU
		{AA5116D2-0F81-45ED-8361-8C30621C3C6A}.Debug|Any CPU.ActiveCfg = Debug|Any CPU
		{AA5116D2-0F81-45ED-8361-8C30621C3C6A}.Debug|Any CPU.Build.0 = Debug|Any CPU
		{AA5116D2-0F81-45ED-8361-8C30621C3C6A}.Release|Any CPU.ActiveCfg = Release|Any CPU
		{AA5116D2-0F81-45ED-8361-8C30621C3C6A}.Release|Any CPU.Build.0 = Release|Any CPU
		{C4292E48-D89E-4DAF-9765-4A5DD9996407}.Debug|Any CPU.ActiveCfg = Debug|Any CPU
		{C4292E48-D89E-4DAF-9765-4A5DD9996407}.Debug|Any CPU.Build.0 = Debug|Any CPU
		{C4292E48-D89E-4DAF-9765-4A5DD9996407}.Release|Any CPU.ActiveCfg = Release|Any CPU
		{C4292E48-D89E-4DAF-9765-4A5DD9996407}.Release|Any CPU.Build.0 = Release|Any CPU
		{6110A503-05A9-44C9-9BE1-882393926FF0}.Debug|Any CPU.ActiveCfg = Debug|Any CPU
		{6110A503-05A9-44C9-9BE1-882393926FF0}.Debug|Any CPU.Build.0 = Debug|Any CPU
		{6110A503-05A9-44C9-9BE1-882393926FF0}.Release|Any CPU.ActiveCfg = Release|Any CPU
		{6110A503-05A9-44C9-9BE1-882393926FF0}.Release|Any CPU.Build.0 = Release|Any CPU
		{E422F2F5-7C9A-48E6-8CDD-1EF7A1919F6B}.Debug|Any CPU.ActiveCfg = Debug|Any CPU
		{E422F2F5-7C9A-48E6-8CDD-1EF7A1919F6B}.Debug|Any CPU.Build.0 = Debug|Any CPU
		{E422F2F5-7C9A-48E6-8CDD-1EF7A1919F6B}.Release|Any CPU.ActiveCfg = Release|Any CPU
		{E422F2F5-7C9A-48E6-8CDD-1EF7A1919F6B}.Release|Any CPU.Build.0 = Release|Any CPU
		{344CE295-02C8-4C8D-984F-B04A6DEAE739}.Debug|Any CPU.ActiveCfg = Debug|Any CPU
		{344CE295-02C8-4C8D-984F-B04A6DEAE739}.Debug|Any CPU.Build.0 = Debug|Any CPU
		{344CE295-02C8-4C8D-984F-B04A6DEAE739}.Release|Any CPU.ActiveCfg = Release|Any CPU
		{344CE295-02C8-4C8D-984F-B04A6DEAE739}.Release|Any CPU.Build.0 = Release|Any CPU
		{3BB6AFF4-5B35-4986-8E14-9B1E7348CB1B}.Debug|Any CPU.ActiveCfg = Debug|Any CPU
		{3BB6AFF4-5B35-4986-8E14-9B1E7348CB1B}.Debug|Any CPU.Build.0 = Debug|Any CPU
		{3BB6AFF4-5B35-4986-8E14-9B1E7348CB1B}.Release|Any CPU.ActiveCfg = Release|Any CPU
		{3BB6AFF4-5B35-4986-8E14-9B1E7348CB1B}.Release|Any CPU.Build.0 = Release|Any CPU
		{09D07150-D57B-4D22-997D-D0B75CA90A3B}.Debug|Any CPU.ActiveCfg = Debug|Any CPU
		{09D07150-D57B-4D22-997D-D0B75CA90A3B}.Debug|Any CPU.Build.0 = Debug|Any CPU
		{09D07150-D57B-4D22-997D-D0B75CA90A3B}.Release|Any CPU.ActiveCfg = Release|Any CPU
		{09D07150-D57B-4D22-997D-D0B75CA90A3B}.Release|Any CPU.Build.0 = Release|Any CPU
		{C6FA1580-8E65-4EF0-803E-59D89DC71043}.Debug|Any CPU.ActiveCfg = Debug|Any CPU
		{C6FA1580-8E65-4EF0-803E-59D89DC71043}.Debug|Any CPU.Build.0 = Debug|Any CPU
		{C6FA1580-8E65-4EF0-803E-59D89DC71043}.Release|Any CPU.ActiveCfg = Release|Any CPU
		{C6FA1580-8E65-4EF0-803E-59D89DC71043}.Release|Any CPU.Build.0 = Release|Any CPU
		{4B3570F3-A3F3-4D42-945C-1E5A6A0B76BC}.Debug|Any CPU.ActiveCfg = Debug|Any CPU
		{4B3570F3-A3F3-4D42-945C-1E5A6A0B76BC}.Debug|Any CPU.Build.0 = Debug|Any CPU
		{4B3570F3-A3F3-4D42-945C-1E5A6A0B76BC}.Release|Any CPU.ActiveCfg = Release|Any CPU
		{4B3570F3-A3F3-4D42-945C-1E5A6A0B76BC}.Release|Any CPU.Build.0 = Release|Any CPU
		{83CC2423-3895-4A63-9038-D05C93E4605F}.Debug|Any CPU.ActiveCfg = Debug|Any CPU
		{83CC2423-3895-4A63-9038-D05C93E4605F}.Debug|Any CPU.Build.0 = Debug|Any CPU
		{83CC2423-3895-4A63-9038-D05C93E4605F}.Release|Any CPU.ActiveCfg = Release|Any CPU
		{83CC2423-3895-4A63-9038-D05C93E4605F}.Release|Any CPU.Build.0 = Release|Any CPU
		{001E1B54-0359-4DDD-A8DE-7248D753E86F}.Debug|Any CPU.ActiveCfg = Debug|Any CPU
		{001E1B54-0359-4DDD-A8DE-7248D753E86F}.Debug|Any CPU.Build.0 = Debug|Any CPU
		{001E1B54-0359-4DDD-A8DE-7248D753E86F}.Release|Any CPU.ActiveCfg = Release|Any CPU
		{001E1B54-0359-4DDD-A8DE-7248D753E86F}.Release|Any CPU.Build.0 = Release|Any CPU
	EndGlobalSection
	GlobalSection(SolutionProperties) = preSolution
		HideSolutionNode = FALSE
	EndGlobalSection
	GlobalSection(NestedProjects) = preSolution
		{9AA98A55-C84E-4C5B-8EDB-B0D9B45AC4EF} = {D3911790-0739-4F98-B508-5228F0281946}
		{248CC971-D53A-4A4B-99B6-198466E7EB23} = {9AA98A55-C84E-4C5B-8EDB-B0D9B45AC4EF}
		{290C73DF-3AEF-45A1-9B37-56288E4C7FCA} = {A36D36EE-5EFA-4890-8F18-490C0F95D0A0}
		{60941975-DCB0-49F1-9989-2305D104BF2F} = {A36D36EE-5EFA-4890-8F18-490C0F95D0A0}
		{97F6B790-DA3B-4C78-81AC-387262A41322} = {D3911790-0739-4F98-B508-5228F0281946}
		{568BD3C0-20C9-44E8-BB47-CCD75A7553E4} = {97F6B790-DA3B-4C78-81AC-387262A41322}
		{7FCE74E0-2023-4DAD-9A40-F72F19A0DF9D} = {97F6B790-DA3B-4C78-81AC-387262A41322}
		{B0D264B0-C653-47F3-9739-8EDE30BA5297} = {9AA98A55-C84E-4C5B-8EDB-B0D9B45AC4EF}
		{F10EF27E-E8A8-4372-9D05-490AFF17F2C3} = {D3911790-0739-4F98-B508-5228F0281946}
		{19B99108-7E3A-48C0-A1F8-039120152AEE} = {F10EF27E-E8A8-4372-9D05-490AFF17F2C3}
		{B202FC77-C1ED-49F3-BF9D-30AAD4E71AED} = {F10EF27E-E8A8-4372-9D05-490AFF17F2C3}
		{7933FA0A-8B05-44CE-8B8C-CF581260C5BF} = {D3911790-0739-4F98-B508-5228F0281946}
		{59B506F6-5010-411C-8B2D-29F7D0E9ED91} = {7933FA0A-8B05-44CE-8B8C-CF581260C5BF}
		{D133B3EE-9401-47F9-9625-E6C7018C2A2C} = {7933FA0A-8B05-44CE-8B8C-CF581260C5BF}
		{BDF84132-A0A5-4088-AD0A-C78D7353A429} = {887B8A9F-413A-42FD-ACD5-D571F8E1886B}
		{AA5116D2-0F81-45ED-8361-8C30621C3C6A} = {887B8A9F-413A-42FD-ACD5-D571F8E1886B}
		{C4292E48-D89E-4DAF-9765-4A5DD9996407} = {887B8A9F-413A-42FD-ACD5-D571F8E1886B}
		{79157682-EADC-4C8F-AEC2-FDB4580C92A8} = {D3911790-0739-4F98-B508-5228F0281946}
		{6110A503-05A9-44C9-9BE1-882393926FF0} = {79157682-EADC-4C8F-AEC2-FDB4580C92A8}
		{E422F2F5-7C9A-48E6-8CDD-1EF7A1919F6B} = {79157682-EADC-4C8F-AEC2-FDB4580C92A8}
		{344CE295-02C8-4C8D-984F-B04A6DEAE739} = {DAEEA0D4-2EE9-4163-8299-82B24F301FCF}
		{3BB6AFF4-5B35-4986-8E14-9B1E7348CB1B} = {DAEEA0D4-2EE9-4163-8299-82B24F301FCF}
		{09D07150-D57B-4D22-997D-D0B75CA90A3B} = {DAEEA0D4-2EE9-4163-8299-82B24F301FCF}
		{887B8A9F-413A-42FD-ACD5-D571F8E1886B} = {36458C57-593E-41C9-ACD2-62E1C179C067}
		{DAEEA0D4-2EE9-4163-8299-82B24F301FCF} = {36458C57-593E-41C9-ACD2-62E1C179C067}
		{C5BC23B7-255E-461F-99EB-C4181389FA59} = {D3911790-0739-4F98-B508-5228F0281946}
		{C6FA1580-8E65-4EF0-803E-59D89DC71043} = {C5BC23B7-255E-461F-99EB-C4181389FA59}
		{4B3570F3-A3F3-4D42-945C-1E5A6A0B76BC} = {C5BC23B7-255E-461F-99EB-C4181389FA59}
		{CC45FAAF-7C44-4936-BCE4-21EA7AD7B484} = {D3911790-0739-4F98-B508-5228F0281946}
		{83CC2423-3895-4A63-9038-D05C93E4605F} = {CC45FAAF-7C44-4936-BCE4-21EA7AD7B484}
		{001E1B54-0359-4DDD-A8DE-7248D753E86F} = {CC45FAAF-7C44-4936-BCE4-21EA7AD7B484}
	EndGlobalSection
	GlobalSection(ExtensibilityGlobals) = postSolution
		SolutionGuid = {037DE013-C257-46CE-BB74-5D52D8A5393F}
	EndGlobalSection
EndGlobal
