
Microsoft Visual Studio Solution File, Format Version 12.00
# Visual Studio Version 17
VisualStudioVersion = 17.4.33110.190
MinimumVisualStudioVersion = 10.0.40219.1
Project("{2150E333-8FDC-42A3-9474-1A3956D46DE8}") = "Solution Items", "Solution Items", "{B5682F7A-619C-498F-A9B8-28B5AEDE7B1F}"
	ProjectSection(SolutionItems) = preProject
		.editorconfig = .editorconfig
	EndProjectSection
EndProject
Project("{2150E333-8FDC-42A3-9474-1A3956D46DE8}") = "Core", "Core", "{7DF7183E-EBD3-4ECF-A883-ACB80EA0FFC7}"
EndProject
Project("{2150E333-8FDC-42A3-9474-1A3956D46DE8}") = "Infrastructure", "Infrastructure", "{B354C68E-F010-422B-BC7E-548E5EE8E7E7}"
EndProject
Project("{2150E333-8FDC-42A3-9474-1A3956D46DE8}") = "Shared", "Shared", "{0F48F3A9-8C77-4B1F-95C7-7465B73D145F}"
EndProject
Project("{2150E333-8FDC-42A3-9474-1A3956D46DE8}") = "Application", "Application", "{6841BD9A-92F0-44D6-BF04-4926A8D7F70C}"
EndProject
Project("{9A19103F-16F7-4668-BE54-9A1E7A4F7556}") = "WiredBrainCoffee.EmployeeManager.Components", "src\Components\WiredBrainCoffee.EmployeeManager.Components.csproj", "{8317D52D-0ECF-494D-8080-CF668C06F3F8}"
EndProject
Project("{9A19103F-16F7-4668-BE54-9A1E7A4F7556}") = "WiredBrainCoffee.EmployeeManager.Infrastructure", "src\Infrastructure\WiredBrainCoffee.EmployeeManager.Infrastructure.csproj", "{140EBD91-2258-41C2-829C-0863DC606D5A}"
EndProject
Project("{9A19103F-16F7-4668-BE54-9A1E7A4F7556}") = "WiredBrainCoffee.EmployeeManager.Shared", "src\Shared\WiredBrainCoffee.EmployeeManager.Shared.csproj", "{A959C195-DCBD-40E4-AB25-22B78EDC1D5E}"
EndProject
Project("{9A19103F-16F7-4668-BE54-9A1E7A4F7556}") = "WiredBrainCoffee.EmployeeManager.Domain", "src\Domain\WiredBrainCoffee.EmployeeManager.Domain.csproj", "{9B7F9378-4E75-4E8C-85D7-0CF17AC45A60}"
EndProject
Project("{9A19103F-16F7-4668-BE54-9A1E7A4F7556}") = "WiredBrainCoffee.EmployeeManager.Server.App", "src\Server.App\WiredBrainCoffee.EmployeeManager.Server.App.csproj", "{F3534042-BAC5-4F3D-963F-B3499D793E24}"
EndProject
Project("{9A19103F-16F7-4668-BE54-9A1E7A4F7556}") = "WiredBrainCoffee.EmployeeManager.Domain.Test", "test\Domain.Test\WiredBrainCoffee.EmployeeManager.Domain.Test.csproj", "{65B1CF66-E4BA-4592-81BC-41D4AE82DB7B}"
EndProject
Global
	GlobalSection(SolutionConfigurationPlatforms) = preSolution
		Debug|Any CPU = Debug|Any CPU
		Release|Any CPU = Release|Any CPU
	EndGlobalSection
	GlobalSection(ProjectConfigurationPlatforms) = postSolution
		{8317D52D-0ECF-494D-8080-CF668C06F3F8}.Debug|Any CPU.ActiveCfg = Debug|Any CPU
		{8317D52D-0ECF-494D-8080-CF668C06F3F8}.Debug|Any CPU.Build.0 = Debug|Any CPU
		{8317D52D-0ECF-494D-8080-CF668C06F3F8}.Release|Any CPU.ActiveCfg = Release|Any CPU
		{8317D52D-0ECF-494D-8080-CF668C06F3F8}.Release|Any CPU.Build.0 = Release|Any CPU
		{140EBD91-2258-41C2-829C-0863DC606D5A}.Debug|Any CPU.ActiveCfg = Debug|Any CPU
		{140EBD91-2258-41C2-829C-0863DC606D5A}.Debug|Any CPU.Build.0 = Debug|Any CPU
		{140EBD91-2258-41C2-829C-0863DC606D5A}.Release|Any CPU.ActiveCfg = Release|Any CPU
		{140EBD91-2258-41C2-829C-0863DC606D5A}.Release|Any CPU.Build.0 = Release|Any CPU
		{A959C195-DCBD-40E4-AB25-22B78EDC1D5E}.Debug|Any CPU.ActiveCfg = Debug|Any CPU
		{A959C195-DCBD-40E4-AB25-22B78EDC1D5E}.Debug|Any CPU.Build.0 = Debug|Any CPU
		{A959C195-DCBD-40E4-AB25-22B78EDC1D5E}.Release|Any CPU.ActiveCfg = Release|Any CPU
		{A959C195-DCBD-40E4-AB25-22B78EDC1D5E}.Release|Any CPU.Build.0 = Release|Any CPU
		{9B7F9378-4E75-4E8C-85D7-0CF17AC45A60}.Debug|Any CPU.ActiveCfg = Debug|Any CPU
		{9B7F9378-4E75-4E8C-85D7-0CF17AC45A60}.Debug|Any CPU.Build.0 = Debug|Any CPU
		{9B7F9378-4E75-4E8C-85D7-0CF17AC45A60}.Release|Any CPU.ActiveCfg = Release|Any CPU
		{9B7F9378-4E75-4E8C-85D7-0CF17AC45A60}.Release|Any CPU.Build.0 = Release|Any CPU
		{F3534042-BAC5-4F3D-963F-B3499D793E24}.Debug|Any CPU.ActiveCfg = Debug|Any CPU
		{F3534042-BAC5-4F3D-963F-B3499D793E24}.Debug|Any CPU.Build.0 = Debug|Any CPU
		{F3534042-BAC5-4F3D-963F-B3499D793E24}.Release|Any CPU.ActiveCfg = Release|Any CPU
		{F3534042-BAC5-4F3D-963F-B3499D793E24}.Release|Any CPU.Build.0 = Release|Any CPU
		{65B1CF66-E4BA-4592-81BC-41D4AE82DB7B}.Debug|Any CPU.ActiveCfg = Debug|Any CPU
		{65B1CF66-E4BA-4592-81BC-41D4AE82DB7B}.Debug|Any CPU.Build.0 = Debug|Any CPU
		{65B1CF66-E4BA-4592-81BC-41D4AE82DB7B}.Release|Any CPU.ActiveCfg = Release|Any CPU
		{65B1CF66-E4BA-4592-81BC-41D4AE82DB7B}.Release|Any CPU.Build.0 = Release|Any CPU
	EndGlobalSection
	GlobalSection(SolutionProperties) = preSolution
		HideSolutionNode = FALSE
	EndGlobalSection
	GlobalSection(NestedProjects) = preSolution
		{8317D52D-0ECF-494D-8080-CF668C06F3F8} = {6841BD9A-92F0-44D6-BF04-4926A8D7F70C}
		{140EBD91-2258-41C2-829C-0863DC606D5A} = {B354C68E-F010-422B-BC7E-548E5EE8E7E7}
		{A959C195-DCBD-40E4-AB25-22B78EDC1D5E} = {0F48F3A9-8C77-4B1F-95C7-7465B73D145F}
		{9B7F9378-4E75-4E8C-85D7-0CF17AC45A60} = {7DF7183E-EBD3-4ECF-A883-ACB80EA0FFC7}
		{F3534042-BAC5-4F3D-963F-B3499D793E24} = {6841BD9A-92F0-44D6-BF04-4926A8D7F70C}
		{65B1CF66-E4BA-4592-81BC-41D4AE82DB7B} = {7DF7183E-EBD3-4ECF-A883-ACB80EA0FFC7}
	EndGlobalSection
	GlobalSection(ExtensibilityGlobals) = postSolution
		SolutionGuid = {65480C15-9ED2-4151-8351-442F6485A174}
	EndGlobalSection
EndGlobal
