
Microsoft Visual Studio Solution File, Format Version 12.00
# Visual Studio Version 17
VisualStudioVersion = 17.4.33213.308
MinimumVisualStudioVersion = 10.0.40219.1
Project("{FAE04EC0-301F-11D3-BF4B-00C04F79EFBC}") = "Banshee5.IdentityProvider", "src\IdentityProvider\Banshee5.IdentityProvider.csproj", "{53710B6C-B0FE-4B1F-8384-3ACC9E0BE889}"
EndProject
Project("{2150E333-8FDC-42A3-9474-1A3956D46DE8}") = "Solution Items", "Solution Items", "{1F56DE09-850F-4DD5-B67B-FC5DD3BFA9D6}"
	ProjectSection(SolutionItems) = preProject
		.editorconfig = .editorconfig
	EndProjectSection
EndProject
Global
	GlobalSection(SolutionConfigurationPlatforms) = preSolution
		Debug|Any CPU = Debug|Any CPU
		Release|Any CPU = Release|Any CPU
	EndGlobalSection
	GlobalSection(ProjectConfigurationPlatforms) = postSolution
		{53710B6C-B0FE-4B1F-8384-3ACC9E0BE889}.Debug|Any CPU.ActiveCfg = Debug|Any CPU
		{53710B6C-B0FE-4B1F-8384-3ACC9E0BE889}.Debug|Any CPU.Build.0 = Debug|Any CPU
		{53710B6C-B0FE-4B1F-8384-3ACC9E0BE889}.Release|Any CPU.ActiveCfg = Release|Any CPU
		{53710B6C-B0FE-4B1F-8384-3ACC9E0BE889}.Release|Any CPU.Build.0 = Release|Any CPU
	EndGlobalSection
	GlobalSection(SolutionProperties) = preSolution
		HideSolutionNode = FALSE
	EndGlobalSection
	GlobalSection(ExtensibilityGlobals) = postSolution
		SolutionGuid = {AFF11299-E495-43A7-8308-A9CFF7C57846}
	EndGlobalSection
EndGlobal
