
Microsoft Visual Studio Solution File, Format Version 12.00
# Visual Studio Version 17
VisualStudioVersion = 17.4.33213.308
MinimumVisualStudioVersion = 10.0.40219.1
Project("{2150E333-8FDC-42A3-9474-1A3956D46DE8}") = "Solution Items", "Solution Items", "{1F56DE09-850F-4DD5-B67B-FC5DD3BFA9D6}"
	ProjectSection(SolutionItems) = preProject
		.editorconfig = .editorconfig
	EndProjectSection
EndProject
Project("{9A19103F-16F7-4668-BE54-9A1E7A4F7556}") = "Banshee5.IdentityProvider.App", "src\IdentityProvider.App\Banshee5.IdentityProvider.App.csproj", "{7BEC6075-0267-473B-8D61-342FE856F694}"
EndProject
Global
	GlobalSection(SolutionConfigurationPlatforms) = preSolution
		Debug|Any CPU = Debug|Any CPU
		Release|Any CPU = Release|Any CPU
	EndGlobalSection
	GlobalSection(ProjectConfigurationPlatforms) = postSolution
		{7BEC6075-0267-473B-8D61-342FE856F694}.Debug|Any CPU.ActiveCfg = Debug|Any CPU
		{7BEC6075-0267-473B-8D61-342FE856F694}.Debug|Any CPU.Build.0 = Debug|Any CPU
		{7BEC6075-0267-473B-8D61-342FE856F694}.Release|Any CPU.ActiveCfg = Release|Any CPU
		{7BEC6075-0267-473B-8D61-342FE856F694}.Release|Any CPU.Build.0 = Release|Any CPU
	EndGlobalSection
	GlobalSection(SolutionProperties) = preSolution
		HideSolutionNode = FALSE
	EndGlobalSection
	GlobalSection(ExtensibilityGlobals) = postSolution
		SolutionGuid = {AFF11299-E495-43A7-8308-A9CFF7C57846}
	EndGlobalSection
EndGlobal
